
Microsoft Visual Studio Solution File, Format Version 12.00
# Visual Studio 15
VisualStudioVersion = 15.0.26430.14
MinimumVisualStudioVersion = 10.0.40219.1
Project("{FAE04EC0-301F-11D3-BF4B-00C04F79EFBC}") = "Mechanica", "Mechanica\Mechanica.csproj", "{6FECC92A-1A24-4F7D-BD23-0E8379CA36BF}"
EndProject
Project("{FAE04EC0-301F-11D3-BF4B-00C04F79EFBC}") = "ArduinoDriver", "..\..\ArduinoDriver\Source\ArduinoDriver\ArduinoDriver.csproj", "{1FE32CD3-938F-40A7-B0A5-75CF0A7254D7}"
EndProject
Global
	GlobalSection(SolutionConfigurationPlatforms) = preSolution
		Debug|Any CPU = Debug|Any CPU
		Release|Any CPU = Release|Any CPU
	EndGlobalSection
	GlobalSection(ProjectConfigurationPlatforms) = postSolution
		{6FECC92A-1A24-4F7D-BD23-0E8379CA36BF}.Debug|Any CPU.ActiveCfg = Debug|Any CPU
		{6FECC92A-1A24-4F7D-BD23-0E8379CA36BF}.Debug|Any CPU.Build.0 = Debug|Any CPU
		{6FECC92A-1A24-4F7D-BD23-0E8379CA36BF}.Release|Any CPU.ActiveCfg = Release|Any CPU
		{6FECC92A-1A24-4F7D-BD23-0E8379CA36BF}.Release|Any CPU.Build.0 = Release|Any CPU
		{1FE32CD3-938F-40A7-B0A5-75CF0A7254D7}.Debug|Any CPU.ActiveCfg = Debug|Any CPU
		{1FE32CD3-938F-40A7-B0A5-75CF0A7254D7}.Debug|Any CPU.Build.0 = Debug|Any CPU
		{1FE32CD3-938F-40A7-B0A5-75CF0A7254D7}.Release|Any CPU.ActiveCfg = Release|Any CPU
		{1FE32CD3-938F-40A7-B0A5-75CF0A7254D7}.Release|Any CPU.Build.0 = Release|Any CPU
	EndGlobalSection
	GlobalSection(SolutionProperties) = preSolution
		HideSolutionNode = FALSE
	EndGlobalSection
EndGlobal
